// !$*UTF8*$!
{
	archiveVersion = 1;
	classes = {
	};
	objectVersion = 50;
	objects = {

/* Begin PBXBuildFile section */
		82C2C7A324525CE3001E1B88 /* Extensions+UIImage.swift in Sources */ = {isa = PBXBuildFile; fileRef = 82C2C7A224525CE3001E1B88 /* Extensions+UIImage.swift */; };
		82C2C7AB24526100001E1B88 /* PetCell.swift in Sources */ = {isa = PBXBuildFile; fileRef = 82C2C7A924526100001E1B88 /* PetCell.swift */; };
		82C2C7AC24526100001E1B88 /* PetCell.xib in Resources */ = {isa = PBXBuildFile; fileRef = 82C2C7AA24526100001E1B88 /* PetCell.xib */; };
		82C2C7B024526149001E1B88 /* PetDataSource.swift in Sources */ = {isa = PBXBuildFile; fileRef = 82C2C7AF24526149001E1B88 /* PetDataSource.swift */; };
		82C2C7B224526158001E1B88 /* PetDelegate.swift in Sources */ = {isa = PBXBuildFile; fileRef = 82C2C7B124526158001E1B88 /* PetDelegate.swift */; };
		82C2C7B6245261B2001E1B88 /* Pet.swift in Sources */ = {isa = PBXBuildFile; fileRef = 82C2C7B5245261B2001E1B88 /* Pet.swift */; };
		82C2C7B824526AC0001E1B88 /* Extensions+UIView.swift in Sources */ = {isa = PBXBuildFile; fileRef = 82C2C7B724526AC0001E1B88 /* Extensions+UIView.swift */; };
		9ECC959B23A3106C00891E18 /* AppDelegate.swift in Sources */ = {isa = PBXBuildFile; fileRef = 9ECC959A23A3106C00891E18 /* AppDelegate.swift */; };
		9ECC959D23A3106C00891E18 /* SceneDelegate.swift in Sources */ = {isa = PBXBuildFile; fileRef = 9ECC959C23A3106C00891E18 /* SceneDelegate.swift */; };
		9ECC959F23A3106C00891E18 /* ViewController.swift in Sources */ = {isa = PBXBuildFile; fileRef = 9ECC959E23A3106C00891E18 /* ViewController.swift */; };
		9ECC95A223A3106C00891E18 /* Main.storyboard in Resources */ = {isa = PBXBuildFile; fileRef = 9ECC95A023A3106C00891E18 /* Main.storyboard */; };
		9ECC95A423A3106E00891E18 /* Assets.xcassets in Resources */ = {isa = PBXBuildFile; fileRef = 9ECC95A323A3106E00891E18 /* Assets.xcassets */; };
		9ECC95A723A3106E00891E18 /* LaunchScreen.storyboard in Resources */ = {isa = PBXBuildFile; fileRef = 9ECC95A523A3106E00891E18 /* LaunchScreen.storyboard */; };
		9ECC95AF23A310F700891E18 /* SqueezeNet.mlmodel in Sources */ = {isa = PBXBuildFile; fileRef = 9ECC95AE23A310F700891E18 /* SqueezeNet.mlmodel */; };
		9ECC95B123A3110000891E18 /* MobileNetV2FP16.mlmodel in Sources */ = {isa = PBXBuildFile; fileRef = 9ECC95B023A3110000891E18 /* MobileNetV2FP16.mlmodel */; };
/* End PBXBuildFile section */

/* Begin PBXFileReference section */
		82C2C7A224525CE3001E1B88 /* Extensions+UIImage.swift */ = {isa = PBXFileReference; lastKnownFileType = sourcecode.swift; path = "Extensions+UIImage.swift"; sourceTree = "<group>"; };
		82C2C7A924526100001E1B88 /* PetCell.swift */ = {isa = PBXFileReference; lastKnownFileType = sourcecode.swift; path = PetCell.swift; sourceTree = "<group>"; };
		82C2C7AA24526100001E1B88 /* PetCell.xib */ = {isa = PBXFileReference; lastKnownFileType = file.xib; path = PetCell.xib; sourceTree = "<group>"; };
		82C2C7AF24526149001E1B88 /* PetDataSource.swift */ = {isa = PBXFileReference; lastKnownFileType = sourcecode.swift; path = PetDataSource.swift; sourceTree = "<group>"; };
		82C2C7B124526158001E1B88 /* PetDelegate.swift */ = {isa = PBXFileReference; lastKnownFileType = sourcecode.swift; path = PetDelegate.swift; sourceTree = "<group>"; };
		82C2C7B5245261B2001E1B88 /* Pet.swift */ = {isa = PBXFileReference; lastKnownFileType = sourcecode.swift; path = Pet.swift; sourceTree = "<group>"; };
		82C2C7B724526AC0001E1B88 /* Extensions+UIView.swift */ = {isa = PBXFileReference; lastKnownFileType = sourcecode.swift; path = "Extensions+UIView.swift"; sourceTree = "<group>"; };
		9ECC959723A3106C00891E18 /* CoreMLImageApp.app */ = {isa = PBXFileReference; explicitFileType = wrapper.application; includeInIndex = 0; path = CoreMLImageApp.app; sourceTree = BUILT_PRODUCTS_DIR; };
		9ECC959A23A3106C00891E18 /* AppDelegate.swift */ = {isa = PBXFileReference; lastKnownFileType = sourcecode.swift; path = AppDelegate.swift; sourceTree = "<group>"; };
		9ECC959C23A3106C00891E18 /* SceneDelegate.swift */ = {isa = PBXFileReference; lastKnownFileType = sourcecode.swift; path = SceneDelegate.swift; sourceTree = "<group>"; };
		9ECC959E23A3106C00891E18 /* ViewController.swift */ = {isa = PBXFileReference; lastKnownFileType = sourcecode.swift; path = ViewController.swift; sourceTree = "<group>"; };
		9ECC95A123A3106C00891E18 /* Base */ = {isa = PBXFileReference; lastKnownFileType = file.storyboard; name = Base; path = Base.lproj/Main.storyboard; sourceTree = "<group>"; };
		9ECC95A323A3106E00891E18 /* Assets.xcassets */ = {isa = PBXFileReference; lastKnownFileType = folder.assetcatalog; path = Assets.xcassets; sourceTree = "<group>"; };
		9ECC95A623A3106E00891E18 /* Base */ = {isa = PBXFileReference; lastKnownFileType = file.storyboard; name = Base; path = Base.lproj/LaunchScreen.storyboard; sourceTree = "<group>"; };
		9ECC95A823A3106E00891E18 /* Info.plist */ = {isa = PBXFileReference; lastKnownFileType = text.plist.xml; path = Info.plist; sourceTree = "<group>"; };
		9ECC95AE23A310F700891E18 /* SqueezeNet.mlmodel */ = {isa = PBXFileReference; lastKnownFileType = file.mlmodel; path = SqueezeNet.mlmodel; sourceTree = "<group>"; };
		9ECC95B023A3110000891E18 /* MobileNetV2FP16.mlmodel */ = {isa = PBXFileReference; lastKnownFileType = file.mlmodel; path = MobileNetV2FP16.mlmodel; sourceTree = "<group>"; };
/* End PBXFileReference section */

/* Begin PBXFrameworksBuildPhase section */
		9ECC959423A3106B00891E18 /* Frameworks */ = {
			isa = PBXFrameworksBuildPhase;
			buildActionMask = 2147483647;
			files = (
			);
			runOnlyForDeploymentPostprocessing = 0;
		};
/* End PBXFrameworksBuildPhase section */

/* Begin PBXGroup section */
		82C2C7A424525FC8001E1B88 /* Extensions */ = {
			isa = PBXGroup;
			children = (
				82C2C7A224525CE3001E1B88 /* Extensions+UIImage.swift */,
				82C2C7B724526AC0001E1B88 /* Extensions+UIView.swift */,
			);
			path = Extensions;
			sourceTree = "<group>";
		};
		82C2C7A524525FD0001E1B88 /* Storyboard */ = {
			isa = PBXGroup;
			children = (
				9ECC95A023A3106C00891E18 /* Main.storyboard */,
				9ECC95A523A3106E00891E18 /* LaunchScreen.storyboard */,
				82C2C7AD24526104001E1B88 /* Components */,
			);
			path = Storyboard;
			sourceTree = "<group>";
		};
		82C2C7A624525FDB001E1B88 /* Controllers */ = {
			isa = PBXGroup;
			children = (
				82C2C7AE2452612E001E1B88 /* PetCollection */,
				9ECC959E23A3106C00891E18 /* ViewController.swift */,
			);
			path = Controllers;
			sourceTree = "<group>";
		};
		82C2C7A724525FE5001E1B88 /* Application */ = {
			isa = PBXGroup;
			children = (
				9ECC959A23A3106C00891E18 /* AppDelegate.swift */,
				9ECC959C23A3106C00891E18 /* SceneDelegate.swift */,
			);
			path = Application;
			sourceTree = "<group>";
		};
		82C2C7A824525FF4001E1B88 /* Models */ = {
			isa = PBXGroup;
			children = (
				82C2C7B4245261AA001E1B88 /* Pet */,
				82C2C7B3245261A1001E1B88 /* CoreML */,
			);
			path = Models;
			sourceTree = "<group>";
		};
		82C2C7AD24526104001E1B88 /* Components */ = {
			isa = PBXGroup;
			children = (
				82C2C7A924526100001E1B88 /* PetCell.swift */,
				82C2C7AA24526100001E1B88 /* PetCell.xib */,
			);
			path = Components;
			sourceTree = "<group>";
		};
		82C2C7AE2452612E001E1B88 /* PetCollection */ = {
			isa = PBXGroup;
			children = (
				82C2C7AF24526149001E1B88 /* PetDataSource.swift */,
				82C2C7B124526158001E1B88 /* PetDelegate.swift */,
			);
			path = PetCollection;
			sourceTree = "<group>";
		};
		82C2C7B3245261A1001E1B88 /* CoreML */ = {
			isa = PBXGroup;
			children = (
				9ECC95B023A3110000891E18 /* MobileNetV2FP16.mlmodel */,
				9ECC95AE23A310F700891E18 /* SqueezeNet.mlmodel */,
			);
			path = CoreML;
			sourceTree = "<group>";
		};
		82C2C7B4245261AA001E1B88 /* Pet */ = {
			isa = PBXGroup;
			children = (
				82C2C7B5245261B2001E1B88 /* Pet.swift */,
			);
			path = Pet;
			sourceTree = "<group>";
		};
		9ECC958E23A3106B00891E18 = {
			isa = PBXGroup;
			children = (
				9ECC959923A3106C00891E18 /* CoreMLImageApp */,
				9ECC959823A3106C00891E18 /* Products */,
			);
			sourceTree = "<group>";
		};
		9ECC959823A3106C00891E18 /* Products */ = {
			isa = PBXGroup;
			children = (
				9ECC959723A3106C00891E18 /* CoreMLImageApp.app */,
			);
			name = Products;
			sourceTree = "<group>";
		};
		9ECC959923A3106C00891E18 /* CoreMLImageApp */ = {
			isa = PBXGroup;
			children = (
				82C2C7A824525FF4001E1B88 /* Models */,
				82C2C7A724525FE5001E1B88 /* Application */,
				82C2C7A624525FDB001E1B88 /* Controllers */,
				82C2C7A424525FC8001E1B88 /* Extensions */,
				82C2C7A524525FD0001E1B88 /* Storyboard */,
				9ECC95A323A3106E00891E18 /* Assets.xcassets */,
				9ECC95A823A3106E00891E18 /* Info.plist */,
			);
			path = CoreMLImageApp;
			sourceTree = "<group>";
		};
/* End PBXGroup section */

/* Begin PBXNativeTarget section */
		9ECC959623A3106B00891E18 /* CoreMLImageApp */ = {
			isa = PBXNativeTarget;
			buildConfigurationList = 9ECC95AB23A3106E00891E18 /* Build configuration list for PBXNativeTarget "CoreMLImageApp" */;
			buildPhases = (
				9ECC959323A3106B00891E18 /* Sources */,
				9ECC959423A3106B00891E18 /* Frameworks */,
				9ECC959523A3106B00891E18 /* Resources */,
			);
			buildRules = (
			);
			dependencies = (
			);
			name = CoreMLImageApp;
			productName = CoreMLImageApp;
			productReference = 9ECC959723A3106C00891E18 /* CoreMLImageApp.app */;
			productType = "com.apple.product-type.application";
		};
/* End PBXNativeTarget section */

/* Begin PBXProject section */
		9ECC958F23A3106B00891E18 /* Project object */ = {
			isa = PBXProject;
			attributes = {
				LastSwiftUpdateCheck = 1120;
				LastUpgradeCheck = 1120;
				ORGANIZATIONNAME = "Tatenda Kabike";
				TargetAttributes = {
					9ECC959623A3106B00891E18 = {
						CreatedOnToolsVersion = 11.2.1;
					};
				};
			};
			buildConfigurationList = 9ECC959223A3106B00891E18 /* Build configuration list for PBXProject "CoreMLImageApp" */;
			compatibilityVersion = "Xcode 9.3";
			developmentRegion = en;
			hasScannedForEncodings = 0;
			knownRegions = (
				en,
				Base,
			);
			mainGroup = 9ECC958E23A3106B00891E18;
			productRefGroup = 9ECC959823A3106C00891E18 /* Products */;
			projectDirPath = "";
			projectRoot = "";
			targets = (
				9ECC959623A3106B00891E18 /* CoreMLImageApp */,
			);
		};
/* End PBXProject section */

/* Begin PBXResourcesBuildPhase section */
		9ECC959523A3106B00891E18 /* Resources */ = {
			isa = PBXResourcesBuildPhase;
			buildActionMask = 2147483647;
			files = (
				9ECC95A723A3106E00891E18 /* LaunchScreen.storyboard in Resources */,
				82C2C7AC24526100001E1B88 /* PetCell.xib in Resources */,
				9ECC95A423A3106E00891E18 /* Assets.xcassets in Resources */,
				9ECC95A223A3106C00891E18 /* Main.storyboard in Resources */,
			);
			runOnlyForDeploymentPostprocessing = 0;
		};
/* End PBXResourcesBuildPhase section */

/* Begin PBXSourcesBuildPhase section */
		9ECC959323A3106B00891E18 /* Sources */ = {
			isa = PBXSourcesBuildPhase;
			buildActionMask = 2147483647;
			files = (
				82C2C7B824526AC0001E1B88 /* Extensions+UIView.swift in Sources */,
				9ECC959F23A3106C00891E18 /* ViewController.swift in Sources */,
				9ECC959B23A3106C00891E18 /* AppDelegate.swift in Sources */,
				82C2C7B024526149001E1B88 /* PetDataSource.swift in Sources */,
				9ECC959D23A3106C00891E18 /* SceneDelegate.swift in Sources */,
				82C2C7A324525CE3001E1B88 /* Extensions+UIImage.swift in Sources */,
				82C2C7B6245261B2001E1B88 /* Pet.swift in Sources */,
				82C2C7AB24526100001E1B88 /* PetCell.swift in Sources */,
				9ECC95B123A3110000891E18 /* MobileNetV2FP16.mlmodel in Sources */,
				9ECC95AF23A310F700891E18 /* SqueezeNet.mlmodel in Sources */,
				82C2C7B224526158001E1B88 /* PetDelegate.swift in Sources */,
			);
			runOnlyForDeploymentPostprocessing = 0;
		};
/* End PBXSourcesBuildPhase section */

/* Begin PBXVariantGroup section */
		9ECC95A023A3106C00891E18 /* Main.storyboard */ = {
			isa = PBXVariantGroup;
			children = (
				9ECC95A123A3106C00891E18 /* Base */,
			);
			name = Main.storyboard;
			sourceTree = "<group>";
		};
		9ECC95A523A3106E00891E18 /* LaunchScreen.storyboard */ = {
			isa = PBXVariantGroup;
			children = (
				9ECC95A623A3106E00891E18 /* Base */,
			);
			name = LaunchScreen.storyboard;
			sourceTree = "<group>";
		};
/* End PBXVariantGroup section */

/* Begin XCBuildConfiguration section */
		9ECC95A923A3106E00891E18 /* Debug */ = {
			isa = XCBuildConfiguration;
			buildSettings = {
				ALWAYS_SEARCH_USER_PATHS = NO;
				CLANG_ANALYZER_NONNULL = YES;
				CLANG_ANALYZER_NUMBER_OBJECT_CONVERSION = YES_AGGRESSIVE;
				CLANG_CXX_LANGUAGE_STANDARD = "gnu++14";
				CLANG_CXX_LIBRARY = "libc++";
				CLANG_ENABLE_MODULES = YES;
				CLANG_ENABLE_OBJC_ARC = YES;
				CLANG_ENABLE_OBJC_WEAK = YES;
				CLANG_WARN_BLOCK_CAPTURE_AUTORELEASING = YES;
				CLANG_WARN_BOOL_CONVERSION = YES;
				CLANG_WARN_COMMA = YES;
				CLANG_WARN_CONSTANT_CONVERSION = YES;
				CLANG_WARN_DEPRECATED_OBJC_IMPLEMENTATIONS = YES;
				CLANG_WARN_DIRECT_OBJC_ISA_USAGE = YES_ERROR;
				CLANG_WARN_DOCUMENTATION_COMMENTS = YES;
				CLANG_WARN_EMPTY_BODY = YES;
				CLANG_WARN_ENUM_CONVERSION = YES;
				CLANG_WARN_INFINITE_RECURSION = YES;
				CLANG_WARN_INT_CONVERSION = YES;
				CLANG_WARN_NON_LITERAL_NULL_CONVERSION = YES;
				CLANG_WARN_OBJC_IMPLICIT_RETAIN_SELF = YES;
				CLANG_WARN_OBJC_LITERAL_CONVERSION = YES;
				CLANG_WARN_OBJC_ROOT_CLASS = YES_ERROR;
				CLANG_WARN_RANGE_LOOP_ANALYSIS = YES;
				CLANG_WARN_STRICT_PROTOTYPES = YES;
				CLANG_WARN_SUSPICIOUS_MOVE = YES;
				CLANG_WARN_UNGUARDED_AVAILABILITY = YES_AGGRESSIVE;
				CLANG_WARN_UNREACHABLE_CODE = YES;
				CLANG_WARN__DUPLICATE_METHOD_MATCH = YES;
				COPY_PHASE_STRIP = NO;
				DEBUG_INFORMATION_FORMAT = dwarf;
				ENABLE_STRICT_OBJC_MSGSEND = YES;
				ENABLE_TESTABILITY = YES;
				GCC_C_LANGUAGE_STANDARD = gnu11;
				GCC_DYNAMIC_NO_PIC = NO;
				GCC_NO_COMMON_BLOCKS = YES;
				GCC_OPTIMIZATION_LEVEL = 0;
				GCC_PREPROCESSOR_DEFINITIONS = (
					"DEBUG=1",
					"$(inherited)",
				);
				GCC_WARN_64_TO_32_BIT_CONVERSION = YES;
				GCC_WARN_ABOUT_RETURN_TYPE = YES_ERROR;
				GCC_WARN_UNDECLARED_SELECTOR = YES;
				GCC_WARN_UNINITIALIZED_AUTOS = YES_AGGRESSIVE;
				GCC_WARN_UNUSED_FUNCTION = YES;
				GCC_WARN_UNUSED_VARIABLE = YES;
				IPHONEOS_DEPLOYMENT_TARGET = 13.2;
				MTL_ENABLE_DEBUG_INFO = INCLUDE_SOURCE;
				MTL_FAST_MATH = YES;
				ONLY_ACTIVE_ARCH = YES;
				SDKROOT = iphoneos;
				SWIFT_ACTIVE_COMPILATION_CONDITIONS = DEBUG;
				SWIFT_OPTIMIZATION_LEVEL = "-Onone";
			};
			name = Debug;
		};
		9ECC95AA23A3106E00891E18 /* Release */ = {
			isa = XCBuildConfiguration;
			buildSettings = {
				ALWAYS_SEARCH_USER_PATHS = NO;
				CLANG_ANALYZER_NONNULL = YES;
				CLANG_ANALYZER_NUMBER_OBJECT_CONVERSION = YES_AGGRESSIVE;
				CLANG_CXX_LANGUAGE_STANDARD = "gnu++14";
				CLANG_CXX_LIBRARY = "libc++";
				CLANG_ENABLE_MODULES = YES;
				CLANG_ENABLE_OBJC_ARC = YES;
				CLANG_ENABLE_OBJC_WEAK = YES;
				CLANG_WARN_BLOCK_CAPTURE_AUTORELEASING = YES;
				CLANG_WARN_BOOL_CONVERSION = YES;
				CLANG_WARN_COMMA = YES;
				CLANG_WARN_CONSTANT_CONVERSION = YES;
				CLANG_WARN_DEPRECATED_OBJC_IMPLEMENTATIONS = YES;
				CLANG_WARN_DIRECT_OBJC_ISA_USAGE = YES_ERROR;
				CLANG_WARN_DOCUMENTATION_COMMENTS = YES;
				CLANG_WARN_EMPTY_BODY = YES;
				CLANG_WARN_ENUM_CONVERSION = YES;
				CLANG_WARN_INFINITE_RECURSION = YES;
				CLANG_WARN_INT_CONVERSION = YES;
				CLANG_WARN_NON_LITERAL_NULL_CONVERSION = YES;
				CLANG_WARN_OBJC_IMPLICIT_RETAIN_SELF = YES;
				CLANG_WARN_OBJC_LITERAL_CONVERSION = YES;
				CLANG_WARN_OBJC_ROOT_CLASS = YES_ERROR;
				CLANG_WARN_RANGE_LOOP_ANALYSIS = YES;
				CLANG_WARN_STRICT_PROTOTYPES = YES;
				CLANG_WARN_SUSPICIOUS_MOVE = YES;
				CLANG_WARN_UNGUARDED_AVAILABILITY = YES_AGGRESSIVE;
				CLANG_WARN_UNREACHABLE_CODE = YES;
				CLANG_WARN__DUPLICATE_METHOD_MATCH = YES;
				COPY_PHASE_STRIP = NO;
				DEBUG_INFORMATION_FORMAT = "dwarf-with-dsym";
				ENABLE_NS_ASSERTIONS = NO;
				ENABLE_STRICT_OBJC_MSGSEND = YES;
				GCC_C_LANGUAGE_STANDARD = gnu11;
				GCC_NO_COMMON_BLOCKS = YES;
				GCC_WARN_64_TO_32_BIT_CONVERSION = YES;
				GCC_WARN_ABOUT_RETURN_TYPE = YES_ERROR;
				GCC_WARN_UNDECLARED_SELECTOR = YES;
				GCC_WARN_UNINITIALIZED_AUTOS = YES_AGGRESSIVE;
				GCC_WARN_UNUSED_FUNCTION = YES;
				GCC_WARN_UNUSED_VARIABLE = YES;
				IPHONEOS_DEPLOYMENT_TARGET = 13.2;
				MTL_ENABLE_DEBUG_INFO = NO;
				MTL_FAST_MATH = YES;
				SDKROOT = iphoneos;
				SWIFT_COMPILATION_MODE = wholemodule;
				SWIFT_OPTIMIZATION_LEVEL = "-O";
				VALIDATE_PRODUCT = YES;
			};
			name = Release;
		};
		9ECC95AC23A3106E00891E18 /* Debug */ = {
			isa = XCBuildConfiguration;
			buildSettings = {
				ASSETCATALOG_COMPILER_APPICON_NAME = AppIcon;
				CODE_SIGN_STYLE = Automatic;
				DEVELOPMENT_TEAM = "";
				INFOPLIST_FILE = CoreMLImageApp/Info.plist;
				LD_RUNPATH_SEARCH_PATHS = (
					"$(inherited)",
					"@executable_path/Frameworks",
				);
				PRODUCT_BUNDLE_IDENTIFIER = com.cml.org.CoreMLImageApp;
				PRODUCT_NAME = "$(TARGET_NAME)";
				SWIFT_VERSION = 5.0;
				TARGETED_DEVICE_FAMILY = "1,2";
			};
			name = Debug;
		};
		9ECC95AD23A3106E00891E18 /* Release */ = {
			isa = XCBuildConfiguration;
			buildSettings = {
				ASSETCATALOG_COMPILER_APPICON_NAME = AppIcon;
				CODE_SIGN_STYLE = Manual;
				DEVELOPMENT_TEAM = "";
				INFOPLIST_FILE = CoreMLImageApp/Info.plist;
				LD_RUNPATH_SEARCH_PATHS = (
					"$(inherited)",
					"@executable_path/Frameworks",
				);
				PRODUCT_BUNDLE_IDENTIFIER = com.cml.org.CoreMLImageApp;
				PRODUCT_NAME = "$(TARGET_NAME)";
				PROVISIONING_PROFILE_SPECIFIER = "";
				SWIFT_VERSION = 5.0;
				TARGETED_DEVICE_FAMILY = "1,2";
			};
			name = Release;
		};
/* End XCBuildConfiguration section */

/* Begin XCConfigurationList section */
		9ECC959223A3106B00891E18 /* Build configuration list for PBXProject "CoreMLImageApp" */ = {
			isa = XCConfigurationList;
			buildConfigurations = (
				9ECC95A923A3106E00891E18 /* Debug */,
				9ECC95AA23A3106E00891E18 /* Release */,
			);
			defaultConfigurationIsVisible = 0;
			defaultConfigurationName = Release;
		};
		9ECC95AB23A3106E00891E18 /* Build configuration list for PBXNativeTarget "CoreMLImageApp" */ = {
			isa = XCConfigurationList;
			buildConfigurations = (
				9ECC95AC23A3106E00891E18 /* Debug */,
				9ECC95AD23A3106E00891E18 /* Release */,
			);
			defaultConfigurationIsVisible = 0;
			defaultConfigurationName = Release;
		};
/* End XCConfigurationList section */
	};
	rootObject = 9ECC958F23A3106B00891E18 /* Project object */;
}
